
Microsoft Visual Studio Solution File, Format Version 12.00
# Visual Studio Version 16
VisualStudioVersion = 16.0.31624.102
MinimumVisualStudioVersion = 10.0.40219.1
Project("{FAE04EC0-301F-11D3-BF4B-00C04F79EFBC}") = "Laboratornaya2", "Laboratornaya2\Laboratornaya2.csproj", "{B1D20158-E5E3-4BA9-867C-1AD577D57424}"
EndProject
Global
	GlobalSection(SolutionConfigurationPlatforms) = preSolution
		Debug|Any CPU = Debug|Any CPU
		Release|Any CPU = Release|Any CPU
	EndGlobalSection
	GlobalSection(ProjectConfigurationPlatforms) = postSolution
		{B1D20158-E5E3-4BA9-867C-1AD577D57424}.Debug|Any CPU.ActiveCfg = Debug|Any CPU
		{B1D20158-E5E3-4BA9-867C-1AD577D57424}.Debug|Any CPU.Build.0 = Debug|Any CPU
		{B1D20158-E5E3-4BA9-867C-1AD577D57424}.Release|Any CPU.ActiveCfg = Release|Any CPU
		{B1D20158-E5E3-4BA9-867C-1AD577D57424}.Release|Any CPU.Build.0 = Release|Any CPU
	EndGlobalSection
	GlobalSection(SolutionProperties) = preSolution
		HideSolutionNode = FALSE
	EndGlobalSection
	GlobalSection(ExtensibilityGlobals) = postSolution
		SolutionGuid = {E13650C5-73BB-409B-BB53-F7A26D22FCD2}
	EndGlobalSection
EndGlobal
