
Microsoft Visual Studio Solution File, Format Version 12.00
# Visual Studio Version 16
VisualStudioVersion = 16.0.31624.102
MinimumVisualStudioVersion = 10.0.40219.1
Project("{FAE04EC0-301F-11D3-BF4B-00C04F79EFBC}") = "Laboratornaya4", "Laboratornaya4\Laboratornaya4.csproj", "{94ABF551-9333-46CD-9D2E-78A4CCCA547D}"
EndProject
Global
	GlobalSection(SolutionConfigurationPlatforms) = preSolution
		Debug|Any CPU = Debug|Any CPU
		Release|Any CPU = Release|Any CPU
	EndGlobalSection
	GlobalSection(ProjectConfigurationPlatforms) = postSolution
		{94ABF551-9333-46CD-9D2E-78A4CCCA547D}.Debug|Any CPU.ActiveCfg = Debug|Any CPU
		{94ABF551-9333-46CD-9D2E-78A4CCCA547D}.Debug|Any CPU.Build.0 = Debug|Any CPU
		{94ABF551-9333-46CD-9D2E-78A4CCCA547D}.Release|Any CPU.ActiveCfg = Release|Any CPU
		{94ABF551-9333-46CD-9D2E-78A4CCCA547D}.Release|Any CPU.Build.0 = Release|Any CPU
	EndGlobalSection
	GlobalSection(SolutionProperties) = preSolution
		HideSolutionNode = FALSE
	EndGlobalSection
	GlobalSection(ExtensibilityGlobals) = postSolution
		SolutionGuid = {6336B098-B166-43DB-A14E-817E669E092C}
	EndGlobalSection
EndGlobal
