
Microsoft Visual Studio Solution File, Format Version 12.00
# Visual Studio Version 17
VisualStudioVersion = 17.1.32319.34
MinimumVisualStudioVersion = 10.0.40219.1
Project("{FAE04EC0-301F-11D3-BF4B-00C04F79EFBC}") = "OP_Laboratornaya8", "OP_Laboratornaya8\OP_Laboratornaya8.csproj", "{2509B98D-EBA3-4283-B2C7-C31CF3BB48CF}"
EndProject
Global
	GlobalSection(SolutionConfigurationPlatforms) = preSolution
		Debug|Any CPU = Debug|Any CPU
		Release|Any CPU = Release|Any CPU
	EndGlobalSection
	GlobalSection(ProjectConfigurationPlatforms) = postSolution
		{2509B98D-EBA3-4283-B2C7-C31CF3BB48CF}.Debug|Any CPU.ActiveCfg = Debug|Any CPU
		{2509B98D-EBA3-4283-B2C7-C31CF3BB48CF}.Debug|Any CPU.Build.0 = Debug|Any CPU
		{2509B98D-EBA3-4283-B2C7-C31CF3BB48CF}.Release|Any CPU.ActiveCfg = Release|Any CPU
		{2509B98D-EBA3-4283-B2C7-C31CF3BB48CF}.Release|Any CPU.Build.0 = Release|Any CPU
	EndGlobalSection
	GlobalSection(SolutionProperties) = preSolution
		HideSolutionNode = FALSE
	EndGlobalSection
	GlobalSection(ExtensibilityGlobals) = postSolution
		SolutionGuid = {1751412F-F297-4719-A710-57CDB7F48B9F}
	EndGlobalSection
EndGlobal
