
Microsoft Visual Studio Solution File, Format Version 12.00
# Visual Studio Version 16
VisualStudioVersion = 16.0.31624.102
MinimumVisualStudioVersion = 10.0.40219.1
Project("{FAE04EC0-301F-11D3-BF4B-00C04F79EFBC}") = "Лабораторная 7", "Лабораторная 7\Лабораторная 7.csproj", "{D3F6BE40-56B4-4239-8F77-DDDF4A4C7408}"
EndProject
Project("{FAE04EC0-301F-11D3-BF4B-00C04F79EFBC}") = "Laba7Tests", "Laba7Tests\Laba7Tests.csproj", "{C8F24DB6-D1E7-4936-A610-64D5AFC7942D}"
EndProject
Global
	GlobalSection(SolutionConfigurationPlatforms) = preSolution
		Debug|Any CPU = Debug|Any CPU
		Release|Any CPU = Release|Any CPU
	EndGlobalSection
	GlobalSection(ProjectConfigurationPlatforms) = postSolution
		{D3F6BE40-56B4-4239-8F77-DDDF4A4C7408}.Debug|Any CPU.ActiveCfg = Debug|Any CPU
		{D3F6BE40-56B4-4239-8F77-DDDF4A4C7408}.Debug|Any CPU.Build.0 = Debug|Any CPU
		{D3F6BE40-56B4-4239-8F77-DDDF4A4C7408}.Release|Any CPU.ActiveCfg = Release|Any CPU
		{D3F6BE40-56B4-4239-8F77-DDDF4A4C7408}.Release|Any CPU.Build.0 = Release|Any CPU
		{C8F24DB6-D1E7-4936-A610-64D5AFC7942D}.Debug|Any CPU.ActiveCfg = Debug|Any CPU
		{C8F24DB6-D1E7-4936-A610-64D5AFC7942D}.Debug|Any CPU.Build.0 = Debug|Any CPU
		{C8F24DB6-D1E7-4936-A610-64D5AFC7942D}.Release|Any CPU.ActiveCfg = Release|Any CPU
		{C8F24DB6-D1E7-4936-A610-64D5AFC7942D}.Release|Any CPU.Build.0 = Release|Any CPU
	EndGlobalSection
	GlobalSection(SolutionProperties) = preSolution
		HideSolutionNode = FALSE
	EndGlobalSection
	GlobalSection(ExtensibilityGlobals) = postSolution
		SolutionGuid = {4A9DEB7C-CA5D-440B-BCD0-B6BB2C7EFF7D}
	EndGlobalSection
EndGlobal
